// !$*UTF8*$!
{
	archiveVersion = 1;
	classes = {
	};
	objectVersion = 56;
	objects = {

/* Begin PBXBuildFile section */
		83D547FA29B1E3C0003FDE4F /* AppDelegate.swift in Sources */ = {isa = PBXBuildFile; fileRef = 83D547F929B1E3C0003FDE4F /* AppDelegate.swift */; };
		83D547FC29B1E3C0003FDE4F /* SceneDelegate.swift in Sources */ = {isa = PBXBuildFile; fileRef = 83D547FB29B1E3C0003FDE4F /* SceneDelegate.swift */; };
		83D547FE29B1E3C0003FDE4F /* WeatherViewController.swift in Sources */ = {isa = PBXBuildFile; fileRef = 83D547FD29B1E3C0003FDE4F /* WeatherViewController.swift */; };
		83D5480129B1E3C0003FDE4F /* Main.storyboard in Resources */ = {isa = PBXBuildFile; fileRef = 83D547FF29B1E3C0003FDE4F /* Main.storyboard */; };
		83D5480329B1E3C2003FDE4F /* Assets.xcassets in Resources */ = {isa = PBXBuildFile; fileRef = 83D5480229B1E3C2003FDE4F /* Assets.xcassets */; };
		83D5480629B1E3C2003FDE4F /* LaunchScreen.storyboard in Resources */ = {isa = PBXBuildFile; fileRef = 83D5480429B1E3C2003FDE4F /* LaunchScreen.storyboard */; };
		83D5481129B1E3C2003FDE4F /* WeatherAppProj2Tests.swift in Sources */ = {isa = PBXBuildFile; fileRef = 83D5481029B1E3C2003FDE4F /* WeatherAppProj2Tests.swift */; };
		83D5481B29B1E3C2003FDE4F /* WeatherAppProj2UITests.swift in Sources */ = {isa = PBXBuildFile; fileRef = 83D5481A29B1E3C2003FDE4F /* WeatherAppProj2UITests.swift */; };
		83D5481D29B1E3C2003FDE4F /* WeatherAppProj2UITestsLaunchTests.swift in Sources */ = {isa = PBXBuildFile; fileRef = 83D5481C29B1E3C2003FDE4F /* WeatherAppProj2UITestsLaunchTests.swift */; };
		83D5482D29B1E445003FDE4F /* WeatherViewModel.swift in Sources */ = {isa = PBXBuildFile; fileRef = 83D5482C29B1E445003FDE4F /* WeatherViewModel.swift */; };
		83D5482F29B1E56E003FDE4F /* Cities.json in Resources */ = {isa = PBXBuildFile; fileRef = 83D5482E29B1E56E003FDE4F /* Cities.json */; };
		83E910072A77108100292990 /* WeatherTest.JSON in Resources */ = {isa = PBXBuildFile; fileRef = 83E910062A77108100292990 /* WeatherTest.JSON */; };
/* End PBXBuildFile section */

/* Begin PBXContainerItemProxy section */
		83D5480D29B1E3C2003FDE4F /* PBXContainerItemProxy */ = {
			isa = PBXContainerItemProxy;
			containerPortal = 83D547EE29B1E3C0003FDE4F /* Project object */;
			proxyType = 1;
			remoteGlobalIDString = 83D547F529B1E3C0003FDE4F;
			remoteInfo = WeatherAppProj2;
		};
		83D5481729B1E3C2003FDE4F /* PBXContainerItemProxy */ = {
			isa = PBXContainerItemProxy;
			containerPortal = 83D547EE29B1E3C0003FDE4F /* Project object */;
			proxyType = 1;
			remoteGlobalIDString = 83D547F529B1E3C0003FDE4F;
			remoteInfo = WeatherAppProj2;
		};
/* End PBXContainerItemProxy section */

/* Begin PBXFileReference section */
		83D547F629B1E3C0003FDE4F /* WeatherAppProj2.app */ = {isa = PBXFileReference; explicitFileType = wrapper.application; includeInIndex = 0; path = WeatherAppProj2.app; sourceTree = BUILT_PRODUCTS_DIR; };
		83D547F929B1E3C0003FDE4F /* AppDelegate.swift */ = {isa = PBXFileReference; lastKnownFileType = sourcecode.swift; path = AppDelegate.swift; sourceTree = "<group>"; };
		83D547FB29B1E3C0003FDE4F /* SceneDelegate.swift */ = {isa = PBXFileReference; lastKnownFileType = sourcecode.swift; path = SceneDelegate.swift; sourceTree = "<group>"; };
		83D547FD29B1E3C0003FDE4F /* WeatherViewController.swift */ = {isa = PBXFileReference; lastKnownFileType = sourcecode.swift; path = WeatherViewController.swift; sourceTree = "<group>"; };
		83D5480029B1E3C0003FDE4F /* Base */ = {isa = PBXFileReference; lastKnownFileType = file.storyboard; name = Base; path = Base.lproj/Main.storyboard; sourceTree = "<group>"; };
		83D5480229B1E3C2003FDE4F /* Assets.xcassets */ = {isa = PBXFileReference; lastKnownFileType = folder.assetcatalog; path = Assets.xcassets; sourceTree = "<group>"; };
		83D5480529B1E3C2003FDE4F /* Base */ = {isa = PBXFileReference; lastKnownFileType = file.storyboard; name = Base; path = Base.lproj/LaunchScreen.storyboard; sourceTree = "<group>"; };
		83D5480729B1E3C2003FDE4F /* Info.plist */ = {isa = PBXFileReference; lastKnownFileType = text.plist.xml; path = Info.plist; sourceTree = "<group>"; };
		83D5480C29B1E3C2003FDE4F /* WeatherAppProj2Tests.xctest */ = {isa = PBXFileReference; explicitFileType = wrapper.cfbundle; includeInIndex = 0; path = WeatherAppProj2Tests.xctest; sourceTree = BUILT_PRODUCTS_DIR; };
		83D5481029B1E3C2003FDE4F /* WeatherAppProj2Tests.swift */ = {isa = PBXFileReference; lastKnownFileType = sourcecode.swift; path = WeatherAppProj2Tests.swift; sourceTree = "<group>"; };
		83D5481629B1E3C2003FDE4F /* WeatherAppProj2UITests.xctest */ = {isa = PBXFileReference; explicitFileType = wrapper.cfbundle; includeInIndex = 0; path = WeatherAppProj2UITests.xctest; sourceTree = BUILT_PRODUCTS_DIR; };
		83D5481A29B1E3C2003FDE4F /* WeatherAppProj2UITests.swift */ = {isa = PBXFileReference; lastKnownFileType = sourcecode.swift; path = WeatherAppProj2UITests.swift; sourceTree = "<group>"; };
		83D5481C29B1E3C2003FDE4F /* WeatherAppProj2UITestsLaunchTests.swift */ = {isa = PBXFileReference; lastKnownFileType = sourcecode.swift; path = WeatherAppProj2UITestsLaunchTests.swift; sourceTree = "<group>"; };
		83D5482C29B1E445003FDE4F /* WeatherViewModel.swift */ = {isa = PBXFileReference; lastKnownFileType = sourcecode.swift; path = WeatherViewModel.swift; sourceTree = "<group>"; };
		83D5482E29B1E56E003FDE4F /* Cities.json */ = {isa = PBXFileReference; fileEncoding = 4; lastKnownFileType = text.json; path = Cities.json; sourceTree = "<group>"; };
		83E910062A77108100292990 /* WeatherTest.JSON */ = {isa = PBXFileReference; lastKnownFileType = text.json; path = WeatherTest.JSON; sourceTree = "<group>"; };
/* End PBXFileReference section */

/* Begin PBXFrameworksBuildPhase section */
		83D547F329B1E3C0003FDE4F /* Frameworks */ = {
			isa = PBXFrameworksBuildPhase;
			buildActionMask = 2147483647;
			files = (
			);
			runOnlyForDeploymentPostprocessing = 0;
		};
		83D5480929B1E3C2003FDE4F /* Frameworks */ = {
			isa = PBXFrameworksBuildPhase;
			buildActionMask = 2147483647;
			files = (
			);
			runOnlyForDeploymentPostprocessing = 0;
		};
		83D5481329B1E3C2003FDE4F /* Frameworks */ = {
			isa = PBXFrameworksBuildPhase;
			buildActionMask = 2147483647;
			files = (
			);
			runOnlyForDeploymentPostprocessing = 0;
		};
/* End PBXFrameworksBuildPhase section */

/* Begin PBXGroup section */
		83D547ED29B1E3C0003FDE4F = {
			isa = PBXGroup;
			children = (
				83D5482B29B1E41A003FDE4F /* Controller */,
				83D5482A29B1E40C003FDE4F /* Model */,
				83D5482929B1E3EB003FDE4F /* View */,
				83D547F829B1E3C0003FDE4F /* WeatherAppProj2 */,
				83D5480F29B1E3C2003FDE4F /* WeatherAppProj2Tests */,
				83D5481929B1E3C2003FDE4F /* WeatherAppProj2UITests */,
				83D547F729B1E3C0003FDE4F /* Products */,
			);
			sourceTree = "<group>";
		};
		83D547F729B1E3C0003FDE4F /* Products */ = {
			isa = PBXGroup;
			children = (
				83D547F629B1E3C0003FDE4F /* WeatherAppProj2.app */,
				83D5480C29B1E3C2003FDE4F /* WeatherAppProj2Tests.xctest */,
				83D5481629B1E3C2003FDE4F /* WeatherAppProj2UITests.xctest */,
			);
			name = Products;
			sourceTree = "<group>";
		};
		83D547F829B1E3C0003FDE4F /* WeatherAppProj2 */ = {
			isa = PBXGroup;
			children = (
				83D547F929B1E3C0003FDE4F /* AppDelegate.swift */,
				83D547FB29B1E3C0003FDE4F /* SceneDelegate.swift */,
				83D5480229B1E3C2003FDE4F /* Assets.xcassets */,
				83D5480429B1E3C2003FDE4F /* LaunchScreen.storyboard */,
				83D5480729B1E3C2003FDE4F /* Info.plist */,
			);
			path = WeatherAppProj2;
			sourceTree = "<group>";
		};
		83D5480F29B1E3C2003FDE4F /* WeatherAppProj2Tests */ = {
			isa = PBXGroup;
			children = (
				83D5481029B1E3C2003FDE4F /* WeatherAppProj2Tests.swift */,
			);
			path = WeatherAppProj2Tests;
			sourceTree = "<group>";
		};
		83D5481929B1E3C2003FDE4F /* WeatherAppProj2UITests */ = {
			isa = PBXGroup;
			children = (
				83D5481A29B1E3C2003FDE4F /* WeatherAppProj2UITests.swift */,
				83D5481C29B1E3C2003FDE4F /* WeatherAppProj2UITestsLaunchTests.swift */,
			);
			path = WeatherAppProj2UITests;
			sourceTree = "<group>";
		};
		83D5482929B1E3EB003FDE4F /* View */ = {
			isa = PBXGroup;
			children = (
				83D547FF29B1E3C0003FDE4F /* Main.storyboard */,
			);
			path = View;
			sourceTree = "<group>";
		};
		83D5482A29B1E40C003FDE4F /* Model */ = {
			isa = PBXGroup;
			children = (
				83D5482E29B1E56E003FDE4F /* Cities.json */,
				83D5482C29B1E445003FDE4F /* WeatherViewModel.swift */,
				83E910062A77108100292990 /* WeatherTest.JSON */,
			);
			path = Model;
			sourceTree = "<group>";
		};
		83D5482B29B1E41A003FDE4F /* Controller */ = {
			isa = PBXGroup;
			children = (
				83D547FD29B1E3C0003FDE4F /* WeatherViewController.swift */,
			);
			path = Controller;
			sourceTree = "<group>";
		};
/* End PBXGroup section */

/* Begin PBXNativeTarget section */
		83D547F529B1E3C0003FDE4F /* WeatherAppProj2 */ = {
			isa = PBXNativeTarget;
			buildConfigurationList = 83D5482029B1E3C2003FDE4F /* Build configuration list for PBXNativeTarget "WeatherAppProj2" */;
			buildPhases = (
				83D547F229B1E3C0003FDE4F /* Sources */,
				83D547F329B1E3C0003FDE4F /* Frameworks */,
				83D547F429B1E3C0003FDE4F /* Resources */,
			);
			buildRules = (
			);
			dependencies = (
			);
			name = WeatherAppProj2;
			productName = WeatherAppProj2;
			productReference = 83D547F629B1E3C0003FDE4F /* WeatherAppProj2.app */;
			productType = "com.apple.product-type.application";
		};
		83D5480B29B1E3C2003FDE4F /* WeatherAppProj2Tests */ = {
			isa = PBXNativeTarget;
			buildConfigurationList = 83D5482329B1E3C2003FDE4F /* Build configuration list for PBXNativeTarget "WeatherAppProj2Tests" */;
			buildPhases = (
				83D5480829B1E3C2003FDE4F /* Sources */,
				83D5480929B1E3C2003FDE4F /* Frameworks */,
				83D5480A29B1E3C2003FDE4F /* Resources */,
			);
			buildRules = (
			);
			dependencies = (
				83D5480E29B1E3C2003FDE4F /* PBXTargetDependency */,
			);
			name = WeatherAppProj2Tests;
			productName = WeatherAppProj2Tests;
			productReference = 83D5480C29B1E3C2003FDE4F /* WeatherAppProj2Tests.xctest */;
			productType = "com.apple.product-type.bundle.unit-test";
		};
		83D5481529B1E3C2003FDE4F /* WeatherAppProj2UITests */ = {
			isa = PBXNativeTarget;
			buildConfigurationList = 83D5482629B1E3C2003FDE4F /* Build configuration list for PBXNativeTarget "WeatherAppProj2UITests" */;
			buildPhases = (
				83D5481229B1E3C2003FDE4F /* Sources */,
				83D5481329B1E3C2003FDE4F /* Frameworks */,
				83D5481429B1E3C2003FDE4F /* Resources */,
			);
			buildRules = (
			);
			dependencies = (
				83D5481829B1E3C2003FDE4F /* PBXTargetDependency */,
			);
			name = WeatherAppProj2UITests;
			productName = WeatherAppProj2UITests;
			productReference = 83D5481629B1E3C2003FDE4F /* WeatherAppProj2UITests.xctest */;
			productType = "com.apple.product-type.bundle.ui-testing";
		};
/* End PBXNativeTarget section */

/* Begin PBXProject section */
		83D547EE29B1E3C0003FDE4F /* Project object */ = {
			isa = PBXProject;
			attributes = {
				BuildIndependentTargetsInParallel = 1;
				LastSwiftUpdateCheck = 1420;
				LastUpgradeCheck = 1420;
				TargetAttributes = {
					83D547F529B1E3C0003FDE4F = {
						CreatedOnToolsVersion = 14.2;
					};
					83D5480B29B1E3C2003FDE4F = {
						CreatedOnToolsVersion = 14.2;
						TestTargetID = 83D547F529B1E3C0003FDE4F;
					};
					83D5481529B1E3C2003FDE4F = {
						CreatedOnToolsVersion = 14.2;
						TestTargetID = 83D547F529B1E3C0003FDE4F;
					};
				};
			};
			buildConfigurationList = 83D547F129B1E3C0003FDE4F /* Build configuration list for PBXProject "WeatherAppProj2" */;
			compatibilityVersion = "Xcode 14.0";
			developmentRegion = en;
			hasScannedForEncodings = 0;
			knownRegions = (
				en,
				Base,
			);
			mainGroup = 83D547ED29B1E3C0003FDE4F;
			productRefGroup = 83D547F729B1E3C0003FDE4F /* Products */;
			projectDirPath = "";
			projectRoot = "";
			targets = (
				83D547F529B1E3C0003FDE4F /* WeatherAppProj2 */,
				83D5480B29B1E3C2003FDE4F /* WeatherAppProj2Tests */,
				83D5481529B1E3C2003FDE4F /* WeatherAppProj2UITests */,
			);
		};
/* End PBXProject section */

/* Begin PBXResourcesBuildPhase section */
		83D547F429B1E3C0003FDE4F /* Resources */ = {
			isa = PBXResourcesBuildPhase;
			buildActionMask = 2147483647;
			files = (
				83E910072A77108100292990 /* WeatherTest.JSON in Resources */,
				83D5482F29B1E56E003FDE4F /* Cities.json in Resources */,
				83D5480629B1E3C2003FDE4F /* LaunchScreen.storyboard in Resources */,
				83D5480329B1E3C2003FDE4F /* Assets.xcassets in Resources */,
				83D5480129B1E3C0003FDE4F /* Main.storyboard in Resources */,
			);
			runOnlyForDeploymentPostprocessing = 0;
		};
		83D5480A29B1E3C2003FDE4F /* Resources */ = {
			isa = PBXResourcesBuildPhase;
			buildActionMask = 2147483647;
			files = (
			);
			runOnlyForDeploymentPostprocessing = 0;
		};
		83D5481429B1E3C2003FDE4F /* Resources */ = {
			isa = PBXResourcesBuildPhase;
			buildActionMask = 2147483647;
			files = (
			);
			runOnlyForDeploymentPostprocessing = 0;
		};
/* End PBXResourcesBuildPhase section */

/* Begin PBXSourcesBuildPhase section */
		83D547F229B1E3C0003FDE4F /* Sources */ = {
			isa = PBXSourcesBuildPhase;
			buildActionMask = 2147483647;
			files = (
				83D547FE29B1E3C0003FDE4F /* WeatherViewController.swift in Sources */,
				83D5482D29B1E445003FDE4F /* WeatherViewModel.swift in Sources */,
				83D547FA29B1E3C0003FDE4F /* AppDelegate.swift in Sources */,
				83D547FC29B1E3C0003FDE4F /* SceneDelegate.swift in Sources */,
			);
			runOnlyForDeploymentPostprocessing = 0;
		};
		83D5480829B1E3C2003FDE4F /* Sources */ = {
			isa = PBXSourcesBuildPhase;
			buildActionMask = 2147483647;
			files = (
				83D5481129B1E3C2003FDE4F /* WeatherAppProj2Tests.swift in Sources */,
			);
			runOnlyForDeploymentPostprocessing = 0;
		};
		83D5481229B1E3C2003FDE4F /* Sources */ = {
			isa = PBXSourcesBuildPhase;
			buildActionMask = 2147483647;
			files = (
				83D5481B29B1E3C2003FDE4F /* WeatherAppProj2UITests.swift in Sources */,
				83D5481D29B1E3C2003FDE4F /* WeatherAppProj2UITestsLaunchTests.swift in Sources */,
			);
			runOnlyForDeploymentPostprocessing = 0;
		};
/* End PBXSourcesBuildPhase section */

/* Begin PBXTargetDependency section */
		83D5480E29B1E3C2003FDE4F /* PBXTargetDependency */ = {
			isa = PBXTargetDependency;
			target = 83D547F529B1E3C0003FDE4F /* WeatherAppProj2 */;
			targetProxy = 83D5480D29B1E3C2003FDE4F /* PBXContainerItemProxy */;
		};
		83D5481829B1E3C2003FDE4F /* PBXTargetDependency */ = {
			isa = PBXTargetDependency;
			target = 83D547F529B1E3C0003FDE4F /* WeatherAppProj2 */;
			targetProxy = 83D5481729B1E3C2003FDE4F /* PBXContainerItemProxy */;
		};
/* End PBXTargetDependency section */

/* Begin PBXVariantGroup section */
		83D547FF29B1E3C0003FDE4F /* Main.storyboard */ = {
			isa = PBXVariantGroup;
			children = (
				83D5480029B1E3C0003FDE4F /* Base */,
			);
			name = Main.storyboard;
			sourceTree = "<group>";
		};
		83D5480429B1E3C2003FDE4F /* LaunchScreen.storyboard */ = {
			isa = PBXVariantGroup;
			children = (
				83D5480529B1E3C2003FDE4F /* Base */,
			);
			name = LaunchScreen.storyboard;
			sourceTree = "<group>";
		};
/* End PBXVariantGroup section */

/* Begin XCBuildConfiguration section */
		83D5481E29B1E3C2003FDE4F /* Debug */ = {
			isa = XCBuildConfiguration;
			buildSettings = {
				ALWAYS_SEARCH_USER_PATHS = NO;
				CLANG_ANALYZER_NONNULL = YES;
				CLANG_ANALYZER_NUMBER_OBJECT_CONVERSION = YES_AGGRESSIVE;
				CLANG_CXX_LANGUAGE_STANDARD = "gnu++20";
				CLANG_ENABLE_MODULES = YES;
				CLANG_ENABLE_OBJC_ARC = YES;
				CLANG_ENABLE_OBJC_WEAK = YES;
				CLANG_WARN_BLOCK_CAPTURE_AUTORELEASING = YES;
				CLANG_WARN_BOOL_CONVERSION = YES;
				CLANG_WARN_COMMA = YES;
				CLANG_WARN_CONSTANT_CONVERSION = YES;
				CLANG_WARN_DEPRECATED_OBJC_IMPLEMENTATIONS = YES;
				CLANG_WARN_DIRECT_OBJC_ISA_USAGE = YES_ERROR;
				CLANG_WARN_DOCUMENTATION_COMMENTS = YES;
				CLANG_WARN_EMPTY_BODY = YES;
				CLANG_WARN_ENUM_CONVERSION = YES;
				CLANG_WARN_INFINITE_RECURSION = YES;
				CLANG_WARN_INT_CONVERSION = YES;
				CLANG_WARN_NON_LITERAL_NULL_CONVERSION = YES;
				CLANG_WARN_OBJC_IMPLICIT_RETAIN_SELF = YES;
				CLANG_WARN_OBJC_LITERAL_CONVERSION = YES;
				CLANG_WARN_OBJC_ROOT_CLASS = YES_ERROR;
				CLANG_WARN_QUOTED_INCLUDE_IN_FRAMEWORK_HEADER = YES;
				CLANG_WARN_RANGE_LOOP_ANALYSIS = YES;
				CLANG_WARN_STRICT_PROTOTYPES = YES;
				CLANG_WARN_SUSPICIOUS_MOVE = YES;
				CLANG_WARN_UNGUARDED_AVAILABILITY = YES_AGGRESSIVE;
				CLANG_WARN_UNREACHABLE_CODE = YES;
				CLANG_WARN__DUPLICATE_METHOD_MATCH = YES;
				COPY_PHASE_STRIP = NO;
				DEBUG_INFORMATION_FORMAT = dwarf;
				ENABLE_STRICT_OBJC_MSGSEND = YES;
				ENABLE_TESTABILITY = YES;
				GCC_C_LANGUAGE_STANDARD = gnu11;
				GCC_DYNAMIC_NO_PIC = NO;
				GCC_NO_COMMON_BLOCKS = YES;
				GCC_OPTIMIZATION_LEVEL = 0;
				GCC_PREPROCESSOR_DEFINITIONS = (
					"DEBUG=1",
					"$(inherited)",
				);
				GCC_WARN_64_TO_32_BIT_CONVERSION = YES;
				GCC_WARN_ABOUT_RETURN_TYPE = YES_ERROR;
				GCC_WARN_UNDECLARED_SELECTOR = YES;
				GCC_WARN_UNINITIALIZED_AUTOS = YES_AGGRESSIVE;
				GCC_WARN_UNUSED_FUNCTION = YES;
				GCC_WARN_UNUSED_VARIABLE = YES;
				IPHONEOS_DEPLOYMENT_TARGET = 16.2;
				MTL_ENABLE_DEBUG_INFO = INCLUDE_SOURCE;
				MTL_FAST_MATH = YES;
				ONLY_ACTIVE_ARCH = YES;
				SDKROOT = iphoneos;
				SWIFT_ACTIVE_COMPILATION_CONDITIONS = DEBUG;
				SWIFT_OPTIMIZATION_LEVEL = "-Onone";
			};
			name = Debug;
		};
		83D5481F29B1E3C2003FDE4F /* Release */ = {
			isa = XCBuildConfiguration;
			buildSettings = {
				ALWAYS_SEARCH_USER_PATHS = NO;
				CLANG_ANALYZER_NONNULL = YES;
				CLANG_ANALYZER_NUMBER_OBJECT_CONVERSION = YES_AGGRESSIVE;
				CLANG_CXX_LANGUAGE_STANDARD = "gnu++20";
				CLANG_ENABLE_MODULES = YES;
				CLANG_ENABLE_OBJC_ARC = YES;
				CLANG_ENABLE_OBJC_WEAK = YES;
				CLANG_WARN_BLOCK_CAPTURE_AUTORELEASING = YES;
				CLANG_WARN_BOOL_CONVERSION = YES;
				CLANG_WARN_COMMA = YES;
				CLANG_WARN_CONSTANT_CONVERSION = YES;
				CLANG_WARN_DEPRECATED_OBJC_IMPLEMENTATIONS = YES;
				CLANG_WARN_DIRECT_OBJC_ISA_USAGE = YES_ERROR;
				CLANG_WARN_DOCUMENTATION_COMMENTS = YES;
				CLANG_WARN_EMPTY_BODY = YES;
				CLANG_WARN_ENUM_CONVERSION = YES;
				CLANG_WARN_INFINITE_RECURSION = YES;
				CLANG_WARN_INT_CONVERSION = YES;
				CLANG_WARN_NON_LITERAL_NULL_CONVERSION = YES;
				CLANG_WARN_OBJC_IMPLICIT_RETAIN_SELF = YES;
				CLANG_WARN_OBJC_LITERAL_CONVERSION = YES;
				CLANG_WARN_OBJC_ROOT_CLASS = YES_ERROR;
				CLANG_WARN_QUOTED_INCLUDE_IN_FRAMEWORK_HEADER = YES;
				CLANG_WARN_RANGE_LOOP_ANALYSIS = YES;
				CLANG_WARN_STRICT_PROTOTYPES = YES;
				CLANG_WARN_SUSPICIOUS_MOVE = YES;
				CLANG_WARN_UNGUARDED_AVAILABILITY = YES_AGGRESSIVE;
				CLANG_WARN_UNREACHABLE_CODE = YES;
				CLANG_WARN__DUPLICATE_METHOD_MATCH = YES;
				COPY_PHASE_STRIP = NO;
				DEBUG_INFORMATION_FORMAT = "dwarf-with-dsym";
				ENABLE_NS_ASSERTIONS = NO;
				ENABLE_STRICT_OBJC_MSGSEND = YES;
				GCC_C_LANGUAGE_STANDARD = gnu11;
				GCC_NO_COMMON_BLOCKS = YES;
				GCC_WARN_64_TO_32_BIT_CONVERSION = YES;
				GCC_WARN_ABOUT_RETURN_TYPE = YES_ERROR;
				GCC_WARN_UNDECLARED_SELECTOR = YES;
				GCC_WARN_UNINITIALIZED_AUTOS = YES_AGGRESSIVE;
				GCC_WARN_UNUSED_FUNCTION = YES;
				GCC_WARN_UNUSED_VARIABLE = YES;
				IPHONEOS_DEPLOYMENT_TARGET = 16.2;
				MTL_ENABLE_DEBUG_INFO = NO;
				MTL_FAST_MATH = YES;
				SDKROOT = iphoneos;
				SWIFT_COMPILATION_MODE = wholemodule;
				SWIFT_OPTIMIZATION_LEVEL = "-O";
				VALIDATE_PRODUCT = YES;
			};
			name = Release;
		};
		83D5482129B1E3C2003FDE4F /* Debug */ = {
			isa = XCBuildConfiguration;
			buildSettings = {
				ASSETCATALOG_COMPILER_APPICON_NAME = AppIcon;
				ASSETCATALOG_COMPILER_GLOBAL_ACCENT_COLOR_NAME = AccentColor;
				CODE_SIGN_STYLE = Automatic;
				CURRENT_PROJECT_VERSION = 1;
				GENERATE_INFOPLIST_FILE = YES;
				INFOPLIST_FILE = WeatherAppProj2/Info.plist;
				INFOPLIST_KEY_UIApplicationSupportsIndirectInputEvents = YES;
				INFOPLIST_KEY_UILaunchStoryboardName = LaunchScreen;
				INFOPLIST_KEY_UIMainStoryboardFile = Main;
				INFOPLIST_KEY_UISupportedInterfaceOrientations_iPad = "UIInterfaceOrientationPortrait UIInterfaceOrientationPortraitUpsideDown UIInterfaceOrientationLandscapeLeft UIInterfaceOrientationLandscapeRight";
				INFOPLIST_KEY_UISupportedInterfaceOrientations_iPhone = "UIInterfaceOrientationPortrait UIInterfaceOrientationLandscapeLeft UIInterfaceOrientationLandscapeRight";
				LD_RUNPATH_SEARCH_PATHS = (
					"$(inherited)",
					"@executable_path/Frameworks",
				);
				MARKETING_VERSION = 1.0;
				PRODUCT_BUNDLE_IDENTIFIER = MO.WeatherAppProj2;
				PRODUCT_NAME = "$(TARGET_NAME)";
				SWIFT_EMIT_LOC_STRINGS = YES;
				SWIFT_VERSION = 5.0;
				TARGETED_DEVICE_FAMILY = "1,2";
			};
			name = Debug;
		};
		83D5482229B1E3C2003FDE4F /* Release */ = {
			isa = XCBuildConfiguration;
			buildSettings = {
				ASSETCATALOG_COMPILER_APPICON_NAME = AppIcon;
				ASSETCATALOG_COMPILER_GLOBAL_ACCENT_COLOR_NAME = AccentColor;
				CODE_SIGN_STYLE = Automatic;
				CURRENT_PROJECT_VERSION = 1;
				GENERATE_INFOPLIST_FILE = YES;
				INFOPLIST_FILE = WeatherAppProj2/Info.plist;
				INFOPLIST_KEY_UIApplicationSupportsIndirectInputEvents = YES;
				INFOPLIST_KEY_UILaunchStoryboardName = LaunchScreen;
				INFOPLIST_KEY_UIMainStoryboardFile = Main;
				INFOPLIST_KEY_UISupportedInterfaceOrientations_iPad = "UIInterfaceOrientationPortrait UIInterfaceOrientationPortraitUpsideDown UIInterfaceOrientationLandscapeLeft UIInterfaceOrientationLandscapeRight";
				INFOPLIST_KEY_UISupportedInterfaceOrientations_iPhone = "UIInterfaceOrientationPortrait UIInterfaceOrientationLandscapeLeft UIInterfaceOrientationLandscapeRight";
				LD_RUNPATH_SEARCH_PATHS = (
					"$(inherited)",
					"@executable_path/Frameworks",
				);
				MARKETING_VERSION = 1.0;
				PRODUCT_BUNDLE_IDENTIFIER = MO.WeatherAppProj2;
				PRODUCT_NAME = "$(TARGET_NAME)";
				SWIFT_EMIT_LOC_STRINGS = YES;
				SWIFT_VERSION = 5.0;
				TARGETED_DEVICE_FAMILY = "1,2";
			};
			name = Release;
		};
		83D5482429B1E3C2003FDE4F /* Debug */ = {
			isa = XCBuildConfiguration;
			buildSettings = {
				ALWAYS_EMBED_SWIFT_STANDARD_LIBRARIES = YES;
				BUNDLE_LOADER = "$(TEST_HOST)";
				CODE_SIGN_STYLE = Automatic;
				CURRENT_PROJECT_VERSION = 1;
				GENERATE_INFOPLIST_FILE = YES;
				IPHONEOS_DEPLOYMENT_TARGET = 16.2;
				MARKETING_VERSION = 1.0;
				PRODUCT_BUNDLE_IDENTIFIER = MO.WeatherAppProj2Tests;
				PRODUCT_NAME = "$(TARGET_NAME)";
				SWIFT_EMIT_LOC_STRINGS = NO;
				SWIFT_VERSION = 5.0;
				TARGETED_DEVICE_FAMILY = "1,2";
				TEST_HOST = "$(BUILT_PRODUCTS_DIR)/WeatherAppProj2.app/$(BUNDLE_EXECUTABLE_FOLDER_PATH)/WeatherAppProj2";
			};
			name = Debug;
		};
		83D5482529B1E3C2003FDE4F /* Release */ = {
			isa = XCBuildConfiguration;
			buildSettings = {
				ALWAYS_EMBED_SWIFT_STANDARD_LIBRARIES = YES;
				BUNDLE_LOADER = "$(TEST_HOST)";
				CODE_SIGN_STYLE = Automatic;
				CURRENT_PROJECT_VERSION = 1;
				GENERATE_INFOPLIST_FILE = YES;
				IPHONEOS_DEPLOYMENT_TARGET = 16.2;
				MARKETING_VERSION = 1.0;
				PRODUCT_BUNDLE_IDENTIFIER = MO.WeatherAppProj2Tests;
				PRODUCT_NAME = "$(TARGET_NAME)";
				SWIFT_EMIT_LOC_STRINGS = NO;
				SWIFT_VERSION = 5.0;
				TARGETED_DEVICE_FAMILY = "1,2";
				TEST_HOST = "$(BUILT_PRODUCTS_DIR)/WeatherAppProj2.app/$(BUNDLE_EXECUTABLE_FOLDER_PATH)/WeatherAppProj2";
			};
			name = Release;
		};
		83D5482729B1E3C2003FDE4F /* Debug */ = {
			isa = XCBuildConfiguration;
			buildSettings = {
				ALWAYS_EMBED_SWIFT_STANDARD_LIBRARIES = YES;
				CODE_SIGN_STYLE = Automatic;
				CURRENT_PROJECT_VERSION = 1;
				GENERATE_INFOPLIST_FILE = YES;
				MARKETING_VERSION = 1.0;
				PRODUCT_BUNDLE_IDENTIFIER = MO.WeatherAppProj2UITests;
				PRODUCT_NAME = "$(TARGET_NAME)";
				SWIFT_EMIT_LOC_STRINGS = NO;
				SWIFT_VERSION = 5.0;
				TARGETED_DEVICE_FAMILY = "1,2";
				TEST_TARGET_NAME = WeatherAppProj2;
			};
			name = Debug;
		};
		83D5482829B1E3C2003FDE4F /* Release */ = {
			isa = XCBuildConfiguration;
			buildSettings = {
				ALWAYS_EMBED_SWIFT_STANDARD_LIBRARIES = YES;
				CODE_SIGN_STYLE = Automatic;
				CURRENT_PROJECT_VERSION = 1;
				GENERATE_INFOPLIST_FILE = YES;
				MARKETING_VERSION = 1.0;
				PRODUCT_BUNDLE_IDENTIFIER = MO.WeatherAppProj2UITests;
				PRODUCT_NAME = "$(TARGET_NAME)";
				SWIFT_EMIT_LOC_STRINGS = NO;
				SWIFT_VERSION = 5.0;
				TARGETED_DEVICE_FAMILY = "1,2";
				TEST_TARGET_NAME = WeatherAppProj2;
			};
			name = Release;
		};
/* End XCBuildConfiguration section */

/* Begin XCConfigurationList section */
		83D547F129B1E3C0003FDE4F /* Build configuration list for PBXProject "WeatherAppProj2" */ = {
			isa = XCConfigurationList;
			buildConfigurations = (
				83D5481E29B1E3C2003FDE4F /* Debug */,
				83D5481F29B1E3C2003FDE4F /* Release */,
			);
			defaultConfigurationIsVisible = 0;
			defaultConfigurationName = Release;
		};
		83D5482029B1E3C2003FDE4F /* Build configuration list for PBXNativeTarget "WeatherAppProj2" */ = {
			isa = XCConfigurationList;
			buildConfigurations = (
				83D5482129B1E3C2003FDE4F /* Debug */,
				83D5482229B1E3C2003FDE4F /* Release */,
			);
			defaultConfigurationIsVisible = 0;
			defaultConfigurationName = Release;
		};
		83D5482329B1E3C2003FDE4F /* Build configuration list for PBXNativeTarget "WeatherAppProj2Tests" */ = {
			isa = XCConfigurationList;
			buildConfigurations = (
				83D5482429B1E3C2003FDE4F /* Debug */,
				83D5482529B1E3C2003FDE4F /* Release */,
			);
			defaultConfigurationIsVisible = 0;
			defaultConfigurationName = Release;
		};
		83D5482629B1E3C2003FDE4F /* Build configuration list for PBXNativeTarget "WeatherAppProj2UITests" */ = {
			isa = XCConfigurationList;
			buildConfigurations = (
				83D5482729B1E3C2003FDE4F /* Debug */,
				83D5482829B1E3C2003FDE4F /* Release */,
			);
			defaultConfigurationIsVisible = 0;
			defaultConfigurationName = Release;
		};
/* End XCConfigurationList section */
	};
	rootObject = 83D547EE29B1E3C0003FDE4F /* Project object */;
}
